
Microsoft Visual Studio Solution File, Format Version 12.00
# Visual Studio 2013
VisualStudioVersion = 12.0.21005.1
MinimumVisualStudioVersion = 10.0.40219.1
Project("{FAE04EC0-301F-11D3-BF4B-00C04F79EFBC}") = "EasyJob", "EasyJob\EasyJob.csproj", "{45AE5ACC-C2C8-4BA3-A0EB-9798913BF6EC}"
EndProject
Project("{FAE04EC0-301F-11D3-BF4B-00C04F79EFBC}") = "ORM", "ORM\ORM.csproj", "{7EFB155D-578C-406D-8B2A-D4261A76CD3D}"
EndProject
Project("{FAE04EC0-301F-11D3-BF4B-00C04F79EFBC}") = "EasyJob.Pojo", "EasyJob.Pojo\EasyJob.Pojo.csproj", "{CDFCD885-4D6A-4E52-9969-58CE7710B536}"
EndProject
Project("{FAE04EC0-301F-11D3-BF4B-00C04F79EFBC}") = "Tools", "Tools\Tools.csproj", "{44F6E44D-AA7A-4FB3-A8B5-63E0203FF73C}"
EndProject
Project("{FAE04EC0-301F-11D3-BF4B-00C04F79EFBC}") = "WeiXin", "WeiXin\WeiXin.csproj", "{AD57020C-68B0-4495-81CE-EF2A5C2F3E91}"
EndProject
Project("{FAE04EC0-301F-11D3-BF4B-00C04F79EFBC}") = "OfficeUtil", "OfficeUtil\OfficeUtil.csproj", "{68C28253-6B18-4D7C-AF4A-846A3FE011E2}"
EndProject
Global
	GlobalSection(SolutionConfigurationPlatforms) = preSolution
		Debug|Any CPU = Debug|Any CPU
		Release|Any CPU = Release|Any CPU
	EndGlobalSection
	GlobalSection(ProjectConfigurationPlatforms) = postSolution
		{45AE5ACC-C2C8-4BA3-A0EB-9798913BF6EC}.Debug|Any CPU.ActiveCfg = Debug|Any CPU
		{45AE5ACC-C2C8-4BA3-A0EB-9798913BF6EC}.Debug|Any CPU.Build.0 = Debug|Any CPU
		{45AE5ACC-C2C8-4BA3-A0EB-9798913BF6EC}.Release|Any CPU.ActiveCfg = Release|Any CPU
		{45AE5ACC-C2C8-4BA3-A0EB-9798913BF6EC}.Release|Any CPU.Build.0 = Release|Any CPU
		{7EFB155D-578C-406D-8B2A-D4261A76CD3D}.Debug|Any CPU.ActiveCfg = Debug|Any CPU
		{7EFB155D-578C-406D-8B2A-D4261A76CD3D}.Debug|Any CPU.Build.0 = Debug|Any CPU
		{7EFB155D-578C-406D-8B2A-D4261A76CD3D}.Release|Any CPU.ActiveCfg = Release|Any CPU
		{7EFB155D-578C-406D-8B2A-D4261A76CD3D}.Release|Any CPU.Build.0 = Release|Any CPU
		{CDFCD885-4D6A-4E52-9969-58CE7710B536}.Debug|Any CPU.ActiveCfg = Debug|Any CPU
		{CDFCD885-4D6A-4E52-9969-58CE7710B536}.Debug|Any CPU.Build.0 = Debug|Any CPU
		{CDFCD885-4D6A-4E52-9969-58CE7710B536}.Release|Any CPU.ActiveCfg = Release|Any CPU
		{CDFCD885-4D6A-4E52-9969-58CE7710B536}.Release|Any CPU.Build.0 = Release|Any CPU
		{44F6E44D-AA7A-4FB3-A8B5-63E0203FF73C}.Debug|Any CPU.ActiveCfg = Debug|Any CPU
		{44F6E44D-AA7A-4FB3-A8B5-63E0203FF73C}.Debug|Any CPU.Build.0 = Debug|Any CPU
		{44F6E44D-AA7A-4FB3-A8B5-63E0203FF73C}.Release|Any CPU.ActiveCfg = Release|Any CPU
		{44F6E44D-AA7A-4FB3-A8B5-63E0203FF73C}.Release|Any CPU.Build.0 = Release|Any CPU
		{AD57020C-68B0-4495-81CE-EF2A5C2F3E91}.Debug|Any CPU.ActiveCfg = Debug|Any CPU
		{AD57020C-68B0-4495-81CE-EF2A5C2F3E91}.Debug|Any CPU.Build.0 = Debug|Any CPU
		{AD57020C-68B0-4495-81CE-EF2A5C2F3E91}.Release|Any CPU.ActiveCfg = Release|Any CPU
		{AD57020C-68B0-4495-81CE-EF2A5C2F3E91}.Release|Any CPU.Build.0 = Release|Any CPU
		{68C28253-6B18-4D7C-AF4A-846A3FE011E2}.Debug|Any CPU.ActiveCfg = Debug|Any CPU
		{68C28253-6B18-4D7C-AF4A-846A3FE011E2}.Debug|Any CPU.Build.0 = Debug|Any CPU
		{68C28253-6B18-4D7C-AF4A-846A3FE011E2}.Release|Any CPU.ActiveCfg = Release|Any CPU
		{68C28253-6B18-4D7C-AF4A-846A3FE011E2}.Release|Any CPU.Build.0 = Release|Any CPU
	EndGlobalSection
	GlobalSection(SolutionProperties) = preSolution
		HideSolutionNode = FALSE
	EndGlobalSection
EndGlobal
